// !$*UTF8*$!
{
	archiveVersion = 1;
	classes = {
	};
	objectVersion = 77;
	objects = {

/* Begin PBXContainerItemProxy section */
		650961242CA27056000A9D5D /* PBXContainerItemProxy */ = {
			isa = PBXContainerItemProxy;
			containerPortal = 6509610A2CA27055000A9D5D /* Project object */;
			proxyType = 1;
			remoteGlobalIDString = 650961112CA27055000A9D5D;
			remoteInfo = Pourover;
		};
		6509612E2CA27056000A9D5D /* PBXContainerItemProxy */ = {
			isa = PBXContainerItemProxy;
			containerPortal = 6509610A2CA27055000A9D5D /* Project object */;
			proxyType = 1;
			remoteGlobalIDString = 650961112CA27055000A9D5D;
			remoteInfo = Pourover;
		};
/* End PBXContainerItemProxy section */

/* Begin PBXCopyFilesBuildPhase section */
		6505768D2CF18A65006A6D8B /* Embed Frameworks */ = {
			isa = PBXCopyFilesBuildPhase;
			buildActionMask = 2147483647;
			dstPath = "";
			dstSubfolderSpec = 10;
			files = (
			);
			name = "Embed Frameworks";
			runOnlyForDeploymentPostprocessing = 0;
		};
/* End PBXCopyFilesBuildPhase section */

/* Begin PBXFileReference section */
		650961122CA27055000A9D5D /* Pourover.app */ = {isa = PBXFileReference; explicitFileType = wrapper.application; includeInIndex = 0; path = Pourover.app; sourceTree = BUILT_PRODUCTS_DIR; };
		650961232CA27056000A9D5D /* PouroverTests.xctest */ = {isa = PBXFileReference; explicitFileType = wrapper.cfbundle; includeInIndex = 0; path = PouroverTests.xctest; sourceTree = BUILT_PRODUCTS_DIR; };
		6509612D2CA27056000A9D5D /* PouroverUITests.xctest */ = {isa = PBXFileReference; explicitFileType = wrapper.cfbundle; includeInIndex = 0; path = PouroverUITests.xctest; sourceTree = BUILT_PRODUCTS_DIR; };
/* End PBXFileReference section */

/* Begin PBXFileSystemSynchronizedBuildFileExceptionSet section */
		65C55B252DCECF1F00FDF132 /* Exceptions for "Pourover" folder in "Pourover" target */ = {
			isa = PBXFileSystemSynchronizedBuildFileExceptionSet;
			membershipExceptions = (
				Info.plist,
			);
			target = 650961112CA27055000A9D5D /* Pourover */;
		};
/* End PBXFileSystemSynchronizedBuildFileExceptionSet section */

/* Begin PBXFileSystemSynchronizedRootGroup section */
		650961142CA27055000A9D5D /* Pourover */ = {
			isa = PBXFileSystemSynchronizedRootGroup;
			exceptions = (
				65C55B252DCECF1F00FDF132 /* Exceptions for "Pourover" folder in "Pourover" target */,
			);
			path = Pourover;
			sourceTree = "<group>";
		};
		650961262CA27056000A9D5D /* PouroverTests */ = {
			isa = PBXFileSystemSynchronizedRootGroup;
			path = PouroverTests;
			sourceTree = "<group>";
		};
		650961302CA27056000A9D5D /* PouroverUITests */ = {
			isa = PBXFileSystemSynchronizedRootGroup;
			path = PouroverUITests;
			sourceTree = "<group>";
		};
/* End PBXFileSystemSynchronizedRootGroup section */

/* Begin PBXFrameworksBuildPhase section */
		6509610F2CA27055000A9D5D /* Frameworks */ = {
			isa = PBXFrameworksBuildPhase;
			buildActionMask = 2147483647;
			files = (
			);
			runOnlyForDeploymentPostprocessing = 0;
		};
		650961202CA27056000A9D5D /* Frameworks */ = {
			isa = PBXFrameworksBuildPhase;
			buildActionMask = 2147483647;
			files = (
			);
			runOnlyForDeploymentPostprocessing = 0;
		};
		6509612A2CA27056000A9D5D /* Frameworks */ = {
			isa = PBXFrameworksBuildPhase;
			buildActionMask = 2147483647;
			files = (
			);
			runOnlyForDeploymentPostprocessing = 0;
		};
/* End PBXFrameworksBuildPhase section */

/* Begin PBXGroup section */
		650961092CA27055000A9D5D = {
			isa = PBXGroup;
			children = (
				650961142CA27055000A9D5D /* Pourover */,
				650961262CA27056000A9D5D /* PouroverTests */,
				650961302CA27056000A9D5D /* PouroverUITests */,
				650961452CA2791D000A9D5D /* Frameworks */,
				650961132CA27055000A9D5D /* Products */,
			);
			sourceTree = "<group>";
		};
		650961132CA27055000A9D5D /* Products */ = {
			isa = PBXGroup;
			children = (
				650961122CA27055000A9D5D /* Pourover.app */,
				650961232CA27056000A9D5D /* PouroverTests.xctest */,
				6509612D2CA27056000A9D5D /* PouroverUITests.xctest */,
			);
			name = Products;
			sourceTree = "<group>";
		};
		650961452CA2791D000A9D5D /* Frameworks */ = {
			isa = PBXGroup;
			children = (
			);
			name = Frameworks;
			sourceTree = "<group>";
		};
/* End PBXGroup section */

/* Begin PBXNativeTarget section */
		650961112CA27055000A9D5D /* Pourover */ = {
			isa = PBXNativeTarget;
			buildConfigurationList = 650961372CA27056000A9D5D /* Build configuration list for PBXNativeTarget "Pourover" */;
			buildPhases = (
				6547DAE02CF8179400ACF571 /* Run Script */,
				6509610E2CA27055000A9D5D /* Sources */,
				6509610F2CA27055000A9D5D /* Frameworks */,
				650961102CA27055000A9D5D /* Resources */,
				6505768D2CF18A65006A6D8B /* Embed Frameworks */,
			);
			buildRules = (
			);
			dependencies = (
			);
			fileSystemSynchronizedGroups = (
				650961142CA27055000A9D5D /* Pourover */,
			);
			name = Pourover;
			packageProductDependencies = (
			);
			productName = Pourover;
			productReference = 650961122CA27055000A9D5D /* Pourover.app */;
			productType = "com.apple.product-type.application";
		};
		650961222CA27056000A9D5D /* PouroverTests */ = {
			isa = PBXNativeTarget;
			buildConfigurationList = 6509613A2CA27056000A9D5D /* Build configuration list for PBXNativeTarget "PouroverTests" */;
			buildPhases = (
				6509611F2CA27056000A9D5D /* Sources */,
				650961202CA27056000A9D5D /* Frameworks */,
				650961212CA27056000A9D5D /* Resources */,
			);
			buildRules = (
			);
			dependencies = (
				650961252CA27056000A9D5D /* PBXTargetDependency */,
			);
			fileSystemSynchronizedGroups = (
				650961262CA27056000A9D5D /* PouroverTests */,
			);
			name = PouroverTests;
			packageProductDependencies = (
			);
			productName = PouroverTests;
			productReference = 650961232CA27056000A9D5D /* PouroverTests.xctest */;
			productType = "com.apple.product-type.bundle.unit-test";
		};
		6509612C2CA27056000A9D5D /* PouroverUITests */ = {
			isa = PBXNativeTarget;
			buildConfigurationList = 6509613D2CA27056000A9D5D /* Build configuration list for PBXNativeTarget "PouroverUITests" */;
			buildPhases = (
				650961292CA27056000A9D5D /* Sources */,
				6509612A2CA27056000A9D5D /* Frameworks */,
				6509612B2CA27056000A9D5D /* Resources */,
			);
			buildRules = (
			);
			dependencies = (
				6509612F2CA27056000A9D5D /* PBXTargetDependency */,
			);
			fileSystemSynchronizedGroups = (
				650961302CA27056000A9D5D /* PouroverUITests */,
			);
			name = PouroverUITests;
			packageProductDependencies = (
			);
			productName = PouroverUITests;
			productReference = 6509612D2CA27056000A9D5D /* PouroverUITests.xctest */;
			productType = "com.apple.product-type.bundle.ui-testing";
		};
/* End PBXNativeTarget section */

/* Begin PBXProject section */
		6509610A2CA27055000A9D5D /* Project object */ = {
			isa = PBXProject;
			attributes = {
				BuildIndependentTargetsInParallel = 1;
				LastSwiftUpdateCheck = 1600;
				LastUpgradeCheck = 1600;
				TargetAttributes = {
					650961112CA27055000A9D5D = {
						CreatedOnToolsVersion = 16.0;
					};
					650961222CA27056000A9D5D = {
						CreatedOnToolsVersion = 16.0;
						TestTargetID = 650961112CA27055000A9D5D;
					};
					6509612C2CA27056000A9D5D = {
						CreatedOnToolsVersion = 16.0;
						TestTargetID = 650961112CA27055000A9D5D;
					};
				};
			};
			buildConfigurationList = 6509610D2CA27055000A9D5D /* Build configuration list for PBXProject "Pourover" */;
			developmentRegion = en;
			hasScannedForEncodings = 0;
			knownRegions = (
				en,
				Base,
			);
			mainGroup = 650961092CA27055000A9D5D;
			minimizedProjectReferenceProxies = 1;
			preferredProjectObjectVersion = 77;
			productRefGroup = 650961132CA27055000A9D5D /* Products */;
			projectDirPath = "";
			projectRoot = "";
			targets = (
				650961112CA27055000A9D5D /* Pourover */,
				650961222CA27056000A9D5D /* PouroverTests */,
				6509612C2CA27056000A9D5D /* PouroverUITests */,
			);
		};
/* End PBXProject section */

/* Begin PBXResourcesBuildPhase section */
		650961102CA27055000A9D5D /* Resources */ = {
			isa = PBXResourcesBuildPhase;
			buildActionMask = 2147483647;
			files = (
			);
			runOnlyForDeploymentPostprocessing = 0;
		};
		650961212CA27056000A9D5D /* Resources */ = {
			isa = PBXResourcesBuildPhase;
			buildActionMask = 2147483647;
			files = (
			);
			runOnlyForDeploymentPostprocessing = 0;
		};
		6509612B2CA27056000A9D5D /* Resources */ = {
			isa = PBXResourcesBuildPhase;
			buildActionMask = 2147483647;
			files = (
			);
			runOnlyForDeploymentPostprocessing = 0;
		};
/* End PBXResourcesBuildPhase section */

/* Begin PBXShellScriptBuildPhase section */
		6547DAE02CF8179400ACF571 /* Run Script */ = {
			isa = PBXShellScriptBuildPhase;
			buildActionMask = 2147483647;
			files = (
			);
			inputFileListPaths = (
			);
			inputPaths = (
			);
			name = "Run Script";
			outputFileListPaths = (
			);
			outputPaths = (
			);
			runOnlyForDeploymentPostprocessing = 0;
			shellPath = /bin/sh;
			shellScript = "# Type a script or drag a script file from your workspace to insert its path.\ncd \"$HOME/StudioProjects/Pourover\"\n./gradlew :Presenter:embedAndSignAppleFrameworkForXcode\n./gradlew :Frontend:embedAndSignAppleFrameworkForXcode\n";
		};
/* End PBXShellScriptBuildPhase section */

/* Begin PBXSourcesBuildPhase section */
		6509610E2CA27055000A9D5D /* Sources */ = {
			isa = PBXSourcesBuildPhase;
			buildActionMask = 2147483647;
			files = (
			);
			runOnlyForDeploymentPostprocessing = 0;
		};
		6509611F2CA27056000A9D5D /* Sources */ = {
			isa = PBXSourcesBuildPhase;
			buildActionMask = 2147483647;
			files = (
			);
			runOnlyForDeploymentPostprocessing = 0;
		};
		650961292CA27056000A9D5D /* Sources */ = {
			isa = PBXSourcesBuildPhase;
			buildActionMask = 2147483647;
			files = (
			);
			runOnlyForDeploymentPostprocessing = 0;
		};
/* End PBXSourcesBuildPhase section */

/* Begin PBXTargetDependency section */
		650961252CA27056000A9D5D /* PBXTargetDependency */ = {
			isa = PBXTargetDependency;
			target = 650961112CA27055000A9D5D /* Pourover */;
			targetProxy = 650961242CA27056000A9D5D /* PBXContainerItemProxy */;
		};
		6509612F2CA27056000A9D5D /* PBXTargetDependency */ = {
			isa = PBXTargetDependency;
			target = 650961112CA27055000A9D5D /* Pourover */;
			targetProxy = 6509612E2CA27056000A9D5D /* PBXContainerItemProxy */;
		};
/* End PBXTargetDependency section */

/* Begin XCBuildConfiguration section */
		650961352CA27056000A9D5D /* Debug */ = {
			isa = XCBuildConfiguration;
			buildSettings = {
				ALWAYS_SEARCH_USER_PATHS = NO;
				ASSETCATALOG_COMPILER_GENERATE_SWIFT_ASSET_SYMBOL_EXTENSIONS = YES;
				CLANG_ANALYZER_NONNULL = YES;
				CLANG_ANALYZER_NUMBER_OBJECT_CONVERSION = YES_AGGRESSIVE;
				CLANG_CXX_LANGUAGE_STANDARD = "gnu++20";
				CLANG_ENABLE_MODULES = YES;
				CLANG_ENABLE_OBJC_ARC = YES;
				CLANG_ENABLE_OBJC_WEAK = YES;
				CLANG_WARN_BLOCK_CAPTURE_AUTORELEASING = YES;
				CLANG_WARN_BOOL_CONVERSION = YES;
				CLANG_WARN_COMMA = YES;
				CLANG_WARN_CONSTANT_CONVERSION = YES;
				CLANG_WARN_DEPRECATED_OBJC_IMPLEMENTATIONS = YES;
				CLANG_WARN_DIRECT_OBJC_ISA_USAGE = YES_ERROR;
				CLANG_WARN_DOCUMENTATION_COMMENTS = YES;
				CLANG_WARN_EMPTY_BODY = YES;
				CLANG_WARN_ENUM_CONVERSION = YES;
				CLANG_WARN_INFINITE_RECURSION = YES;
				CLANG_WARN_INT_CONVERSION = YES;
				CLANG_WARN_NON_LITERAL_NULL_CONVERSION = YES;
				CLANG_WARN_OBJC_IMPLICIT_RETAIN_SELF = YES;
				CLANG_WARN_OBJC_LITERAL_CONVERSION = YES;
				CLANG_WARN_OBJC_ROOT_CLASS = YES_ERROR;
				CLANG_WARN_QUOTED_INCLUDE_IN_FRAMEWORK_HEADER = YES;
				CLANG_WARN_RANGE_LOOP_ANALYSIS = YES;
				CLANG_WARN_STRICT_PROTOTYPES = YES;
				CLANG_WARN_SUSPICIOUS_MOVE = YES;
				CLANG_WARN_UNGUARDED_AVAILABILITY = YES_AGGRESSIVE;
				CLANG_WARN_UNREACHABLE_CODE = YES;
				CLANG_WARN__DUPLICATE_METHOD_MATCH = YES;
				COPY_PHASE_STRIP = NO;
				DEBUG_INFORMATION_FORMAT = dwarf;
				ENABLE_STRICT_OBJC_MSGSEND = YES;
				ENABLE_TESTABILITY = YES;
				ENABLE_USER_SCRIPT_SANDBOXING = YES;
				GCC_C_LANGUAGE_STANDARD = gnu17;
				GCC_DYNAMIC_NO_PIC = NO;
				GCC_NO_COMMON_BLOCKS = YES;
				GCC_OPTIMIZATION_LEVEL = 0;
				GCC_PREPROCESSOR_DEFINITIONS = (
					"DEBUG=1",
					"$(inherited)",
				);
				GCC_WARN_64_TO_32_BIT_CONVERSION = YES;
				GCC_WARN_ABOUT_RETURN_TYPE = YES_ERROR;
				GCC_WARN_UNDECLARED_SELECTOR = YES;
				GCC_WARN_UNINITIALIZED_AUTOS = YES_AGGRESSIVE;
				GCC_WARN_UNUSED_FUNCTION = YES;
				GCC_WARN_UNUSED_VARIABLE = YES;
				LOCALIZATION_PREFERS_STRING_CATALOGS = YES;
				MACOSX_DEPLOYMENT_TARGET = 15.0;
				MTL_ENABLE_DEBUG_INFO = INCLUDE_SOURCE;
				MTL_FAST_MATH = YES;
				ONLY_ACTIVE_ARCH = YES;
				SDKROOT = macosx;
				SWIFT_ACTIVE_COMPILATION_CONDITIONS = "DEBUG $(inherited)";
				SWIFT_OPTIMIZATION_LEVEL = "-Onone";
			};
			name = Debug;
		};
		650961362CA27056000A9D5D /* Release */ = {
			isa = XCBuildConfiguration;
			buildSettings = {
				ALWAYS_SEARCH_USER_PATHS = NO;
				ASSETCATALOG_COMPILER_GENERATE_SWIFT_ASSET_SYMBOL_EXTENSIONS = YES;
				CLANG_ANALYZER_NONNULL = YES;
				CLANG_ANALYZER_NUMBER_OBJECT_CONVERSION = YES_AGGRESSIVE;
				CLANG_CXX_LANGUAGE_STANDARD = "gnu++20";
				CLANG_ENABLE_MODULES = YES;
				CLANG_ENABLE_OBJC_ARC = YES;
				CLANG_ENABLE_OBJC_WEAK = YES;
				CLANG_WARN_BLOCK_CAPTURE_AUTORELEASING = YES;
				CLANG_WARN_BOOL_CONVERSION = YES;
				CLANG_WARN_COMMA = YES;
				CLANG_WARN_CONSTANT_CONVERSION = YES;
				CLANG_WARN_DEPRECATED_OBJC_IMPLEMENTATIONS = YES;
				CLANG_WARN_DIRECT_OBJC_ISA_USAGE = YES_ERROR;
				CLANG_WARN_DOCUMENTATION_COMMENTS = YES;
				CLANG_WARN_EMPTY_BODY = YES;
				CLANG_WARN_ENUM_CONVERSION = YES;
				CLANG_WARN_INFINITE_RECURSION = YES;
				CLANG_WARN_INT_CONVERSION = YES;
				CLANG_WARN_NON_LITERAL_NULL_CONVERSION = YES;
				CLANG_WARN_OBJC_IMPLICIT_RETAIN_SELF = YES;
				CLANG_WARN_OBJC_LITERAL_CONVERSION = YES;
				CLANG_WARN_OBJC_ROOT_CLASS = YES_ERROR;
				CLANG_WARN_QUOTED_INCLUDE_IN_FRAMEWORK_HEADER = YES;
				CLANG_WARN_RANGE_LOOP_ANALYSIS = YES;
				CLANG_WARN_STRICT_PROTOTYPES = YES;
				CLANG_WARN_SUSPICIOUS_MOVE = YES;
				CLANG_WARN_UNGUARDED_AVAILABILITY = YES_AGGRESSIVE;
				CLANG_WARN_UNREACHABLE_CODE = YES;
				CLANG_WARN__DUPLICATE_METHOD_MATCH = YES;
				COPY_PHASE_STRIP = NO;
				DEBUG_INFORMATION_FORMAT = "dwarf-with-dsym";
				ENABLE_NS_ASSERTIONS = NO;
				ENABLE_STRICT_OBJC_MSGSEND = YES;
				ENABLE_USER_SCRIPT_SANDBOXING = YES;
				GCC_C_LANGUAGE_STANDARD = gnu17;
				GCC_NO_COMMON_BLOCKS = YES;
				GCC_WARN_64_TO_32_BIT_CONVERSION = YES;
				GCC_WARN_ABOUT_RETURN_TYPE = YES_ERROR;
				GCC_WARN_UNDECLARED_SELECTOR = YES;
				GCC_WARN_UNINITIALIZED_AUTOS = YES_AGGRESSIVE;
				GCC_WARN_UNUSED_FUNCTION = YES;
				GCC_WARN_UNUSED_VARIABLE = YES;
				LOCALIZATION_PREFERS_STRING_CATALOGS = YES;
				MACOSX_DEPLOYMENT_TARGET = 15.0;
				MTL_ENABLE_DEBUG_INFO = NO;
				MTL_FAST_MATH = YES;
				SDKROOT = macosx;
				SWIFT_COMPILATION_MODE = wholemodule;
			};
			name = Release;
		};
		650961382CA27056000A9D5D /* Debug */ = {
			isa = XCBuildConfiguration;
			buildSettings = {
				ASSETCATALOG_COMPILER_APPICON_NAME = AppIcon;
				ASSETCATALOG_COMPILER_GLOBAL_ACCENT_COLOR_NAME = AccentColor;
				CODE_SIGN_ENTITLEMENTS = Pourover/Pourover.entitlements;
				CODE_SIGN_STYLE = Automatic;
				COMBINE_HIDPI_IMAGES = YES;
				CURRENT_PROJECT_VERSION = 1;
				DEVELOPMENT_ASSET_PATHS = "\"Pourover/Preview Content\"";
				DEVELOPMENT_TEAM = LJTSBHS7GL;
				ENABLE_PREVIEWS = YES;
				ENABLE_USER_SCRIPT_SANDBOXING = NO;
				FRAMEWORK_SEARCH_PATHS = (
					"$(inherited)",
					"$(PROJECT_DIR)/Pourover",
					"$(PROJECT_DIR)",
					"$(PROJECT_DIR)/Pourover/iosArm64/debugFramework",
					"$(PROJECT_DIR)/Pourover/iosArm64/releaseFramework",
					"$(PROJECT_DIR)/Pourover/releaseFramework",
				);
				GENERATE_INFOPLIST_FILE = YES;
				INFOPLIST_FILE = Pourover/Info.plist;
				INFOPLIST_KEY_NSHumanReadableCopyright = "";
				INFOPLIST_KEY_UILaunchStoryboardName = fdsafdas;
				LD_RUNPATH_SEARCH_PATHS = (
					"$(inherited)",
					"@executable_path/../Frameworks",
				);
				MARKETING_VERSION = 1.0;
				"OTHER_LDFLAGS[arch=*]" = "-lsqlite3";
				PRODUCT_BUNDLE_IDENTIFIER = dev.danperez.Pourover;
				PRODUCT_NAME = "$(TARGET_NAME)";
				SUPPORTED_PLATFORMS = "iphoneos iphonesimulator";
				SUPPORTS_MACCATALYST = NO;
				SWIFT_EMIT_LOC_STRINGS = YES;
				SWIFT_VERSION = 5.0;
				TARGETED_DEVICE_FAMILY = 1;
			};
			name = Debug;
		};
		650961392CA27056000A9D5D /* Release */ = {
			isa = XCBuildConfiguration;
			buildSettings = {
				ASSETCATALOG_COMPILER_APPICON_NAME = AppIcon;
				ASSETCATALOG_COMPILER_GLOBAL_ACCENT_COLOR_NAME = AccentColor;
				CODE_SIGN_ENTITLEMENTS = Pourover/Pourover.entitlements;
				CODE_SIGN_STYLE = Automatic;
				COMBINE_HIDPI_IMAGES = YES;
				CURRENT_PROJECT_VERSION = 1;
				DEVELOPMENT_ASSET_PATHS = "\"Pourover/Preview Content\"";
				DEVELOPMENT_TEAM = LJTSBHS7GL;
				ENABLE_PREVIEWS = YES;
				ENABLE_USER_SCRIPT_SANDBOXING = NO;
				FRAMEWORK_SEARCH_PATHS = (
					"$(inherited)",
					"$(PROJECT_DIR)/Pourover",
					"$(PROJECT_DIR)",
					"$(PROJECT_DIR)/Pourover/iosArm64/debugFramework",
					"$(PROJECT_DIR)/Pourover/iosArm64/releaseFramework",
					"$(PROJECT_DIR)/Pourover/releaseFramework",
				);
				GENERATE_INFOPLIST_FILE = YES;
				INFOPLIST_FILE = Pourover/Info.plist;
				INFOPLIST_KEY_NSHumanReadableCopyright = "";
				INFOPLIST_KEY_UILaunchStoryboardName = fdsafdas;
				LD_RUNPATH_SEARCH_PATHS = (
					"$(inherited)",
					"@executable_path/../Frameworks",
				);
				MARKETING_VERSION = 1.0;
				PRODUCT_BUNDLE_IDENTIFIER = dev.danperez.Pourover;
				PRODUCT_NAME = "$(TARGET_NAME)";
				SUPPORTED_PLATFORMS = "iphoneos iphonesimulator";
				SUPPORTS_MACCATALYST = NO;
				SWIFT_EMIT_LOC_STRINGS = YES;
				SWIFT_VERSION = 5.0;
				TARGETED_DEVICE_FAMILY = 1;
			};
			name = Release;
		};
		6509613B2CA27056000A9D5D /* Debug */ = {
			isa = XCBuildConfiguration;
			buildSettings = {
				BUNDLE_LOADER = "$(TEST_HOST)";
				CODE_SIGN_STYLE = Automatic;
				CURRENT_PROJECT_VERSION = 1;
				GENERATE_INFOPLIST_FILE = YES;
				MACOSX_DEPLOYMENT_TARGET = 15.0;
				MARKETING_VERSION = 1.0;
				PRODUCT_BUNDLE_IDENTIFIER = dev.danperez.PouroverTests;
				PRODUCT_NAME = "$(TARGET_NAME)";
				SWIFT_EMIT_LOC_STRINGS = NO;
				SWIFT_VERSION = 5.0;
				TEST_HOST = "$(BUILT_PRODUCTS_DIR)/Pourover.app/$(BUNDLE_EXECUTABLE_FOLDER_PATH)/Pourover";
			};
			name = Debug;
		};
		6509613C2CA27056000A9D5D /* Release */ = {
			isa = XCBuildConfiguration;
			buildSettings = {
				BUNDLE_LOADER = "$(TEST_HOST)";
				CODE_SIGN_STYLE = Automatic;
				CURRENT_PROJECT_VERSION = 1;
				GENERATE_INFOPLIST_FILE = YES;
				MACOSX_DEPLOYMENT_TARGET = 15.0;
				MARKETING_VERSION = 1.0;
				PRODUCT_BUNDLE_IDENTIFIER = dev.danperez.PouroverTests;
				PRODUCT_NAME = "$(TARGET_NAME)";
				SWIFT_EMIT_LOC_STRINGS = NO;
				SWIFT_VERSION = 5.0;
				TEST_HOST = "$(BUILT_PRODUCTS_DIR)/Pourover.app/$(BUNDLE_EXECUTABLE_FOLDER_PATH)/Pourover";
			};
			name = Release;
		};
		6509613E2CA27056000A9D5D /* Debug */ = {
			isa = XCBuildConfiguration;
			buildSettings = {
				CODE_SIGN_STYLE = Automatic;
				CURRENT_PROJECT_VERSION = 1;
				GENERATE_INFOPLIST_FILE = YES;
				MARKETING_VERSION = 1.0;
				PRODUCT_BUNDLE_IDENTIFIER = dev.danperez.PouroverUITests;
				PRODUCT_NAME = "$(TARGET_NAME)";
				SWIFT_EMIT_LOC_STRINGS = NO;
				SWIFT_VERSION = 5.0;
				TEST_TARGET_NAME = Pourover;
			};
			name = Debug;
		};
		6509613F2CA27056000A9D5D /* Release */ = {
			isa = XCBuildConfiguration;
			buildSettings = {
				CODE_SIGN_STYLE = Automatic;
				CURRENT_PROJECT_VERSION = 1;
				GENERATE_INFOPLIST_FILE = YES;
				MARKETING_VERSION = 1.0;
				PRODUCT_BUNDLE_IDENTIFIER = dev.danperez.PouroverUITests;
				PRODUCT_NAME = "$(TARGET_NAME)";
				SWIFT_EMIT_LOC_STRINGS = NO;
				SWIFT_VERSION = 5.0;
				TEST_TARGET_NAME = Pourover;
			};
			name = Release;
		};
/* End XCBuildConfiguration section */

/* Begin XCConfigurationList section */
		6509610D2CA27055000A9D5D /* Build configuration list for PBXProject "Pourover" */ = {
			isa = XCConfigurationList;
			buildConfigurations = (
				650961352CA27056000A9D5D /* Debug */,
				650961362CA27056000A9D5D /* Release */,
			);
			defaultConfigurationIsVisible = 0;
			defaultConfigurationName = Release;
		};
		650961372CA27056000A9D5D /* Build configuration list for PBXNativeTarget "Pourover" */ = {
			isa = XCConfigurationList;
			buildConfigurations = (
				650961382CA27056000A9D5D /* Debug */,
				650961392CA27056000A9D5D /* Release */,
			);
			defaultConfigurationIsVisible = 0;
			defaultConfigurationName = Release;
		};
		6509613A2CA27056000A9D5D /* Build configuration list for PBXNativeTarget "PouroverTests" */ = {
			isa = XCConfigurationList;
			buildConfigurations = (
				6509613B2CA27056000A9D5D /* Debug */,
				6509613C2CA27056000A9D5D /* Release */,
			);
			defaultConfigurationIsVisible = 0;
			defaultConfigurationName = Release;
		};
		6509613D2CA27056000A9D5D /* Build configuration list for PBXNativeTarget "PouroverUITests" */ = {
			isa = XCConfigurationList;
			buildConfigurations = (
				6509613E2CA27056000A9D5D /* Debug */,
				6509613F2CA27056000A9D5D /* Release */,
			);
			defaultConfigurationIsVisible = 0;
			defaultConfigurationName = Release;
		};
/* End XCConfigurationList section */
	};
	rootObject = 6509610A2CA27055000A9D5D /* Project object */;
}
